
Microsoft Visual Studio Solution File, Format Version 12.00
# Visual Studio 15
VisualStudioVersion = 15.0.26730.12
MinimumVisualStudioVersion = 10.0.40219.1
Project("{FAE04EC0-301F-11D3-BF4B-00C04F79EFBC}") = "YoyocmsSchool", "YoyocmsSchool\YoyocmsSchool.csproj", "{704C507B-544B-49F3-8EE3-816066E0A7AD}"
EndProject
Global
	GlobalSection(SolutionConfigurationPlatforms) = preSolution
		Debug|Any CPU = Debug|Any CPU
		Release|Any CPU = Release|Any CPU
	EndGlobalSection
	GlobalSection(ProjectConfigurationPlatforms) = postSolution
		{704C507B-544B-49F3-8EE3-816066E0A7AD}.Debug|Any CPU.ActiveCfg = Debug|Any CPU
		{704C507B-544B-49F3-8EE3-816066E0A7AD}.Debug|Any CPU.Build.0 = Debug|Any CPU
		{704C507B-544B-49F3-8EE3-816066E0A7AD}.Release|Any CPU.ActiveCfg = Release|Any CPU
		{704C507B-544B-49F3-8EE3-816066E0A7AD}.Release|Any CPU.Build.0 = Release|Any CPU
	EndGlobalSection
	GlobalSection(SolutionProperties) = preSolution
		HideSolutionNode = FALSE
	EndGlobalSection
	GlobalSection(ExtensibilityGlobals) = postSolution
		SolutionGuid = {7E4063CE-CF1B-4898-BA1A-B4588221E6FF}
	EndGlobalSection
EndGlobal
